Microsoft Visual Studio Solution File, Format Version 11.00
# Visual Studio 2008

Project("{D51F75AC-AEC5-0891-F1C4-266571497092}") = "Centipede", "Assembly-CSharp-firstpass.csproj", "{2DA9F7E0-E846-6C11-3ADC-1ED654B44FEC}"
EndProject
Project("{D51F75AC-AEC5-0891-F1C4-266571497092}") = "Centipede", "Assembly-CSharp.csproj", "{EFBAB835-F631-BDF8-9CE5-4941641A2E0B}"
EndProject
Project("{D51F75AC-AEC5-0891-F1C4-266571497092}") = "Centipede", "Assembly-CSharp-Editor.csproj", "{C4D40485-1040-2B4A-574E-50787711D44B}"
EndProject
Project("{D51F75AC-AEC5-0891-F1C4-266571497092}") = "Centipede", "Assembly-UnityScript-firstpass.unityproj", "{4064D6A9-A1B0-E01E-A837-721963EE622A}"
EndProject
Project("{D51F75AC-AEC5-0891-F1C4-266571497092}") = "Centipede", "Assembly-UnityScript.unityproj", "{9449B599-AD1E-E3BF-5FD4-6E28F7C46EF0}"
EndProject
Global
	GlobalSection(SolutionConfigurationPlatforms) = preSolution
		Debug|Any CPU = Debug|Any CPU
		Release|Any CPU = Release|Any CPU
	EndGlobalSection
	GlobalSection(ProjectConfigurationPlatforms) = postSolution
		{2DA9F7E0-E846-6C11-3ADC-1ED654B44FEC}.Debug|Any CPU.ActiveCfg = Debug|Any CPU
		{2DA9F7E0-E846-6C11-3ADC-1ED654B44FEC}.Debug|Any CPU.Build.0 = Debug|Any CPU
		{2DA9F7E0-E846-6C11-3ADC-1ED654B44FEC}.Release|Any CPU.ActiveCfg = Release|Any CPU
		{2DA9F7E0-E846-6C11-3ADC-1ED654B44FEC}.Release|Any CPU.Build.0 = Release|Any CPU
		{EFBAB835-F631-BDF8-9CE5-4941641A2E0B}.Debug|Any CPU.ActiveCfg = Debug|Any CPU
		{EFBAB835-F631-BDF8-9CE5-4941641A2E0B}.Debug|Any CPU.Build.0 = Debug|Any CPU
		{EFBAB835-F631-BDF8-9CE5-4941641A2E0B}.Release|Any CPU.ActiveCfg = Release|Any CPU
		{EFBAB835-F631-BDF8-9CE5-4941641A2E0B}.Release|Any CPU.Build.0 = Release|Any CPU
		{C4D40485-1040-2B4A-574E-50787711D44B}.Debug|Any CPU.ActiveCfg = Debug|Any CPU
		{C4D40485-1040-2B4A-574E-50787711D44B}.Debug|Any CPU.Build.0 = Debug|Any CPU
		{C4D40485-1040-2B4A-574E-50787711D44B}.Release|Any CPU.ActiveCfg = Release|Any CPU
		{C4D40485-1040-2B4A-574E-50787711D44B}.Release|Any CPU.Build.0 = Release|Any CPU
		{4064D6A9-A1B0-E01E-A837-721963EE622A}.Debug|Any CPU.ActiveCfg = Debug|Any CPU
		{4064D6A9-A1B0-E01E-A837-721963EE622A}.Debug|Any CPU.Build.0 = Debug|Any CPU
		{4064D6A9-A1B0-E01E-A837-721963EE622A}.Release|Any CPU.ActiveCfg = Release|Any CPU
		{4064D6A9-A1B0-E01E-A837-721963EE622A}.Release|Any CPU.Build.0 = Release|Any CPU
		{9449B599-AD1E-E3BF-5FD4-6E28F7C46EF0}.Debug|Any CPU.ActiveCfg = Debug|Any CPU
		{9449B599-AD1E-E3BF-5FD4-6E28F7C46EF0}.Debug|Any CPU.Build.0 = Debug|Any CPU
		{9449B599-AD1E-E3BF-5FD4-6E28F7C46EF0}.Release|Any CPU.ActiveCfg = Release|Any CPU
		{9449B599-AD1E-E3BF-5FD4-6E28F7C46EF0}.Release|Any CPU.Build.0 = Release|Any CPU
	EndGlobalSection
	GlobalSection(SolutionProperties) = preSolution
		HideSolutionNode = FALSE
	EndGlobalSection
																																																																																																																																																																																																																																																																																																																																																																																												GlobalSection(MonoDevelopProperties) = preSolution
		StartupItem = Assembly-CSharp.csproj
		Policies = $0
		$0.TextStylePolicy = $1
		$1.inheritsSet = null
		$1.scope = text/x-csharp
		$0.CSharpFormattingPolicy = $2
		$2.inheritsSet = Mono
		$2.inheritsScope = text/x-csharp
		$2.scope = text/x-csharp
		$0.TextStylePolicy = $3
		$3.FileWidth = 120
		$3.TabWidth = 4
		$3.EolMarker = Unix
		$3.inheritsSet = Mono
		$3.inheritsScope = text/plain
		$3.scope = text/plain
	EndGlobalSection

EndGlobal
